// !$*UTF8*$!
{
	archiveVersion = 1;
	classes = {
	};
	objectVersion = 56;
	objects = {

/* Begin PBXBuildFile section */
		984AEF072A64B92400792A84 /* Door.swift in Sources */ = {isa = PBXBuildFile; fileRef = 984AEF062A64B92400792A84 /* Door.swift */; };
		984AEF0A2A64BC0300792A84 /* DoorEntity.swift in Sources */ = {isa = PBXBuildFile; fileRef = 984AEF092A64BC0300792A84 /* DoorEntity.swift */; };
		984AEF0C2A64BCD300792A84 /* DoorComponent.swift in Sources */ = {isa = PBXBuildFile; fileRef = 984AEF0B2A64BCD300792A84 /* DoorComponent.swift */; };
		984AEF0E2A64C42B00792A84 /* TriggerComponent.swift in Sources */ = {isa = PBXBuildFile; fileRef = 984AEF0D2A64C42B00792A84 /* TriggerComponent.swift */; };
		984AEF102A64C70A00792A84 /* SpriteComponent.swift in Sources */ = {isa = PBXBuildFile; fileRef = 984AEF0F2A64C70A00792A84 /* SpriteComponent.swift */; };
		98CE02AF2A64A0660032DFCC /* TileSetAsset.sks in Resources */ = {isa = PBXBuildFile; fileRef = 98CE02AA2A64A0660032DFCC /* TileSetAsset.sks */; };
		98CE02B02A64A0660032DFCC /* BaseLevelScene.swift in Sources */ = {isa = PBXBuildFile; fileRef = 98CE02AB2A64A0660032DFCC /* BaseLevelScene.swift */; };
		98CE02B12A64A0660032DFCC /* Assets.xcassets in Resources */ = {isa = PBXBuildFile; fileRef = 98CE02AC2A64A0660032DFCC /* Assets.xcassets */; };
		98CE02B72A64A8BF0032DFCC /* Level1.sks in Resources */ = {isa = PBXBuildFile; fileRef = 98CE02B62A64A8BF0032DFCC /* Level1.sks */; };
		98CE02BB2A64A92A0032DFCC /* Level1.swift in Sources */ = {isa = PBXBuildFile; fileRef = 98CE02BA2A64A92A0032DFCC /* Level1.swift */; };
		98CE02BF2A64AAE50032DFCC /* PlataformGameScene.sks in Resources */ = {isa = PBXBuildFile; fileRef = 98CE02BE2A64AAE50032DFCC /* PlataformGameScene.sks */; };
		98CE02C12A64B1DC0032DFCC /* Trigger.swift in Sources */ = {isa = PBXBuildFile; fileRef = 98CE02C02A64B1DC0032DFCC /* Trigger.swift */; };
		AB07DB3E2A5F888600721221 /* AppDelegate.swift in Sources */ = {isa = PBXBuildFile; fileRef = AB07DB3D2A5F888600721221 /* AppDelegate.swift */; };
		AB07DB462A5F888600721221 /* GameViewController.swift in Sources */ = {isa = PBXBuildFile; fileRef = AB07DB452A5F888600721221 /* GameViewController.swift */; };
		AB07DB492A5F888600721221 /* Main.storyboard in Resources */ = {isa = PBXBuildFile; fileRef = AB07DB472A5F888600721221 /* Main.storyboard */; };
		AB07DB4B2A5F888800721221 /* Assets.xcassets in Resources */ = {isa = PBXBuildFile; fileRef = AB07DB4A2A5F888800721221 /* Assets.xcassets */; };
		AB07DB4E2A5F888800721221 /* LaunchScreen.storyboard in Resources */ = {isa = PBXBuildFile; fileRef = AB07DB4C2A5F888800721221 /* LaunchScreen.storyboard */; };
		AB07DB5B2A5F934600721221 /* Math.swift in Sources */ = {isa = PBXBuildFile; fileRef = AB07DB5A2A5F934600721221 /* Math.swift */; };
		AB07DB5D2A5F938F00721221 /* Player.swift in Sources */ = {isa = PBXBuildFile; fileRef = AB07DB5C2A5F938F00721221 /* Player.swift */; };
		AB07DB5F2A5F9C0300721221 /* SwiftUIView.swift in Sources */ = {isa = PBXBuildFile; fileRef = AB07DB5E2A5F9C0300721221 /* SwiftUIView.swift */; };
		AB07DB612A602D8C00721221 /* PhysicsCategory.swift in Sources */ = {isa = PBXBuildFile; fileRef = AB07DB602A602D8C00721221 /* PhysicsCategory.swift */; };
		AB07DB632A60317800721221 /* VirtualController.swift in Sources */ = {isa = PBXBuildFile; fileRef = AB07DB622A60317800721221 /* VirtualController.swift */; };
		AB07DB652A60394100721221 /* Ground.swift in Sources */ = {isa = PBXBuildFile; fileRef = AB07DB642A60394100721221 /* Ground.swift */; };
		AB07DB682A60400000721221 /* Camera.swift in Sources */ = {isa = PBXBuildFile; fileRef = AB07DB672A60400000721221 /* Camera.swift */; };
/* End PBXBuildFile section */

/* Begin PBXFileReference section */
		984AEF062A64B92400792A84 /* Door.swift */ = {isa = PBXFileReference; lastKnownFileType = sourcecode.swift; path = Door.swift; sourceTree = "<group>"; };
		984AEF092A64BC0300792A84 /* DoorEntity.swift */ = {isa = PBXFileReference; lastKnownFileType = sourcecode.swift; name = DoorEntity.swift; path = ../../../../../Documents/DoorEntity.swift; sourceTree = "<group>"; };
		984AEF0B2A64BCD300792A84 /* DoorComponent.swift */ = {isa = PBXFileReference; lastKnownFileType = sourcecode.swift; name = DoorComponent.swift; path = ../../../../../Downloads/DoorComponent.swift; sourceTree = "<group>"; };
		984AEF0D2A64C42B00792A84 /* TriggerComponent.swift */ = {isa = PBXFileReference; lastKnownFileType = sourcecode.swift; path = TriggerComponent.swift; sourceTree = "<group>"; };
		984AEF0F2A64C70A00792A84 /* SpriteComponent.swift */ = {isa = PBXFileReference; lastKnownFileType = sourcecode.swift; path = SpriteComponent.swift; sourceTree = "<group>"; };
		98CE02AA2A64A0660032DFCC /* TileSetAsset.sks */ = {isa = PBXFileReference; lastKnownFileType = file.sks; path = TileSetAsset.sks; sourceTree = "<group>"; };
		98CE02AB2A64A0660032DFCC /* BaseLevelScene.swift */ = {isa = PBXFileReference; fileEncoding = 4; lastKnownFileType = sourcecode.swift; path = BaseLevelScene.swift; sourceTree = "<group>"; };
		98CE02AC2A64A0660032DFCC /* Assets.xcassets */ = {isa = PBXFileReference; lastKnownFileType = folder.assetcatalog; path = Assets.xcassets; sourceTree = "<group>"; };
		98CE02B62A64A8BF0032DFCC /* Level1.sks */ = {isa = PBXFileReference; lastKnownFileType = file.sks; path = Level1.sks; sourceTree = "<group>"; };
		98CE02BA2A64A92A0032DFCC /* Level1.swift */ = {isa = PBXFileReference; lastKnownFileType = sourcecode.swift; path = Level1.swift; sourceTree = "<group>"; };
		98CE02BE2A64AAE50032DFCC /* PlataformGameScene.sks */ = {isa = PBXFileReference; lastKnownFileType = file.sks; path = PlataformGameScene.sks; sourceTree = "<group>"; };
		98CE02C02A64B1DC0032DFCC /* Trigger.swift */ = {isa = PBXFileReference; lastKnownFileType = sourcecode.swift; path = Trigger.swift; sourceTree = "<group>"; };
		AB07DB3A2A5F888600721221 /* MiniChallenge.app */ = {isa = PBXFileReference; explicitFileType = wrapper.application; includeInIndex = 0; path = MiniChallenge.app; sourceTree = BUILT_PRODUCTS_DIR; };
		AB07DB3D2A5F888600721221 /* AppDelegate.swift */ = {isa = PBXFileReference; lastKnownFileType = sourcecode.swift; path = AppDelegate.swift; sourceTree = "<group>"; };
		AB07DB452A5F888600721221 /* GameViewController.swift */ = {isa = PBXFileReference; lastKnownFileType = sourcecode.swift; path = GameViewController.swift; sourceTree = "<group>"; };
		AB07DB482A5F888600721221 /* Base */ = {isa = PBXFileReference; lastKnownFileType = file.storyboard; name = Base; path = Base.lproj/Main.storyboard; sourceTree = "<group>"; };
		AB07DB4A2A5F888800721221 /* Assets.xcassets */ = {isa = PBXFileReference; lastKnownFileType = folder.assetcatalog; path = Assets.xcassets; sourceTree = "<group>"; };
		AB07DB4D2A5F888800721221 /* Base */ = {isa = PBXFileReference; lastKnownFileType = file.storyboard; name = Base; path = Base.lproj/LaunchScreen.storyboard; sourceTree = "<group>"; };
		AB07DB5A2A5F934600721221 /* Math.swift */ = {isa = PBXFileReference; lastKnownFileType = sourcecode.swift; path = Math.swift; sourceTree = "<group>"; };
		AB07DB5C2A5F938F00721221 /* Player.swift */ = {isa = PBXFileReference; lastKnownFileType = sourcecode.swift; path = Player.swift; sourceTree = "<group>"; };
		AB07DB5E2A5F9C0300721221 /* SwiftUIView.swift */ = {isa = PBXFileReference; lastKnownFileType = sourcecode.swift; path = SwiftUIView.swift; sourceTree = "<group>"; };
		AB07DB602A602D8C00721221 /* PhysicsCategory.swift */ = {isa = PBXFileReference; lastKnownFileType = sourcecode.swift; path = PhysicsCategory.swift; sourceTree = "<group>"; };
		AB07DB622A60317800721221 /* VirtualController.swift */ = {isa = PBXFileReference; lastKnownFileType = sourcecode.swift; path = VirtualController.swift; sourceTree = "<group>"; };
		AB07DB642A60394100721221 /* Ground.swift */ = {isa = PBXFileReference; lastKnownFileType = sourcecode.swift; path = Ground.swift; sourceTree = "<group>"; };
		AB07DB672A60400000721221 /* Camera.swift */ = {isa = PBXFileReference; lastKnownFileType = sourcecode.swift; path = Camera.swift; sourceTree = "<group>"; };
/* End PBXFileReference section */

/* Begin PBXFrameworksBuildPhase section */
		AB07DB372A5F888600721221 /* Frameworks */ = {
			isa = PBXFrameworksBuildPhase;
			buildActionMask = 2147483647;
			files = (
			);
			runOnlyForDeploymentPostprocessing = 0;
		};
/* End PBXFrameworksBuildPhase section */

/* Begin PBXGroup section */
		984AEF082A64BBF800792A84 /* Entities */ = {
			isa = PBXGroup;
			children = (
				984AEF092A64BC0300792A84 /* DoorEntity.swift */,
			);
			path = Entities;
			sourceTree = "<group>";
		};
		98CE02A92A64A0660032DFCC /* Prólogo */ = {
			isa = PBXGroup;
			children = (
				98CE02AA2A64A0660032DFCC /* TileSetAsset.sks */,
				98CE02AB2A64A0660032DFCC /* BaseLevelScene.swift */,
				98CE02AC2A64A0660032DFCC /* Assets.xcassets */,
				98CE02BE2A64AAE50032DFCC /* PlataformGameScene.sks */,
			);
			path = "Prólogo";
			sourceTree = "<group>";
		};
		98CE02B42A64A8A40032DFCC /* Levels */ = {
			isa = PBXGroup;
			children = (
				98CE02B52A64A8AD0032DFCC /* Level1 */,
			);
			path = Levels;
			sourceTree = "<group>";
		};
		98CE02B52A64A8AD0032DFCC /* Level1 */ = {
			isa = PBXGroup;
			children = (
				98CE02B62A64A8BF0032DFCC /* Level1.sks */,
				98CE02BA2A64A92A0032DFCC /* Level1.swift */,
			);
			path = Level1;
			sourceTree = "<group>";
		};
		AB07DB312A5F888600721221 = {
			isa = PBXGroup;
			children = (
				AB07DB3C2A5F888600721221 /* MiniChallenge-01 */,
				AB07DB3B2A5F888600721221 /* Products */,
			);
			sourceTree = "<group>";
		};
		AB07DB3B2A5F888600721221 /* Products */ = {
			isa = PBXGroup;
			children = (
				AB07DB3A2A5F888600721221 /* MiniChallenge.app */,
			);
			name = Products;
			sourceTree = "<group>";
		};
		AB07DB3C2A5F888600721221 /* MiniChallenge-01 */ = {
			isa = PBXGroup;
			children = (
				984AEF082A64BBF800792A84 /* Entities */,
				98CE02B42A64A8A40032DFCC /* Levels */,
				AB07DB5E2A5F9C0300721221 /* SwiftUIView.swift */,
				AB07DB452A5F888600721221 /* GameViewController.swift */,
				AB07DB4A2A5F888800721221 /* Assets.xcassets */,
				AB07DB572A5F90D600721221 /* APP */,
				AB07DB592A5F921500721221 /* components */,
				98CE02A92A64A0660032DFCC /* Prólogo */,
				AB07DB582A5F911B00721221 /* Prologue */,
				984AEF062A64B92400792A84 /* Door.swift */,
			);
			path = "MiniChallenge-01";
			sourceTree = "<group>";
		};
		AB07DB572A5F90D600721221 /* APP */ = {
			isa = PBXGroup;
			children = (
				AB07DB4C2A5F888800721221 /* LaunchScreen.storyboard */,
				AB07DB472A5F888600721221 /* Main.storyboard */,
				AB07DB3D2A5F888600721221 /* AppDelegate.swift */,
			);
			path = APP;
			sourceTree = "<group>";
		};
		AB07DB582A5F911B00721221 /* Prologue */ = {
			isa = PBXGroup;
			children = (
			);
			name = Prologue;
			path = "Prólogo";
			sourceTree = "<group>";
		};
		AB07DB592A5F921500721221 /* components */ = {
			isa = PBXGroup;
			children = (
				AB07DB5A2A5F934600721221 /* Math.swift */,
				AB07DB602A602D8C00721221 /* PhysicsCategory.swift */,
				AB07DB5C2A5F938F00721221 /* Player.swift */,
				AB07DB622A60317800721221 /* VirtualController.swift */,
				AB07DB642A60394100721221 /* Ground.swift */,
				AB07DB672A60400000721221 /* Camera.swift */,
				98CE02C02A64B1DC0032DFCC /* Trigger.swift */,
				984AEF0B2A64BCD300792A84 /* DoorComponent.swift */,
				984AEF0D2A64C42B00792A84 /* TriggerComponent.swift */,
				984AEF0F2A64C70A00792A84 /* SpriteComponent.swift */,
			);
			path = components;
			sourceTree = "<group>";
		};
/* End PBXGroup section */

/* Begin PBXNativeTarget section */
		AB07DB392A5F888600721221 /* MiniChallenge */ = {
			isa = PBXNativeTarget;
			buildConfigurationList = AB07DB512A5F888800721221 /* Build configuration list for PBXNativeTarget "MiniChallenge" */;
			buildPhases = (
				AB07DB362A5F888600721221 /* Sources */,
				AB07DB372A5F888600721221 /* Frameworks */,
				AB07DB382A5F888600721221 /* Resources */,
			);
			buildRules = (
			);
			dependencies = (
			);
			name = MiniChallenge;
			productName = "MiniChallenge-01";
			productReference = AB07DB3A2A5F888600721221 /* MiniChallenge.app */;
			productType = "com.apple.product-type.application";
		};
/* End PBXNativeTarget section */

/* Begin PBXProject section */
		AB07DB322A5F888600721221 /* Project object */ = {
			isa = PBXProject;
			attributes = {
				BuildIndependentTargetsInParallel = 1;
				LastSwiftUpdateCheck = 1430;
				LastUpgradeCheck = 1430;
				TargetAttributes = {
					AB07DB392A5F888600721221 = {
						CreatedOnToolsVersion = 14.3.1;
					};
				};
			};
			buildConfigurationList = AB07DB352A5F888600721221 /* Build configuration list for PBXProject "MiniChallenge" */;
			compatibilityVersion = "Xcode 14.0";
			developmentRegion = en;
			hasScannedForEncodings = 0;
			knownRegions = (
				en,
				Base,
			);
			mainGroup = AB07DB312A5F888600721221;
			productRefGroup = AB07DB3B2A5F888600721221 /* Products */;
			projectDirPath = "";
			projectRoot = "";
			targets = (
				AB07DB392A5F888600721221 /* MiniChallenge */,
			);
		};
/* End PBXProject section */

/* Begin PBXResourcesBuildPhase section */
		AB07DB382A5F888600721221 /* Resources */ = {
			isa = PBXResourcesBuildPhase;
			buildActionMask = 2147483647;
			files = (
				AB07DB492A5F888600721221 /* Main.storyboard in Resources */,
				98CE02B72A64A8BF0032DFCC /* Level1.sks in Resources */,
				98CE02AF2A64A0660032DFCC /* TileSetAsset.sks in Resources */,
				98CE02BF2A64AAE50032DFCC /* PlataformGameScene.sks in Resources */,
				AB07DB4B2A5F888800721221 /* Assets.xcassets in Resources */,
				AB07DB4E2A5F888800721221 /* LaunchScreen.storyboard in Resources */,
				98CE02B12A64A0660032DFCC /* Assets.xcassets in Resources */,
			);
			runOnlyForDeploymentPostprocessing = 0;
		};
/* End PBXResourcesBuildPhase section */

/* Begin PBXSourcesBuildPhase section */
		AB07DB362A5F888600721221 /* Sources */ = {
			isa = PBXSourcesBuildPhase;
			buildActionMask = 2147483647;
			files = (
				AB07DB462A5F888600721221 /* GameViewController.swift in Sources */,
				984AEF0A2A64BC0300792A84 /* DoorEntity.swift in Sources */,
				AB07DB5F2A5F9C0300721221 /* SwiftUIView.swift in Sources */,
				AB07DB3E2A5F888600721221 /* AppDelegate.swift in Sources */,
				AB07DB5D2A5F938F00721221 /* Player.swift in Sources */,
				984AEF0E2A64C42B00792A84 /* TriggerComponent.swift in Sources */,
				984AEF0C2A64BCD300792A84 /* DoorComponent.swift in Sources */,
				98CE02C12A64B1DC0032DFCC /* Trigger.swift in Sources */,
				AB07DB632A60317800721221 /* VirtualController.swift in Sources */,
				98CE02B02A64A0660032DFCC /* BaseLevelScene.swift in Sources */,
				98CE02BB2A64A92A0032DFCC /* Level1.swift in Sources */,
				AB07DB682A60400000721221 /* Camera.swift in Sources */,
				984AEF072A64B92400792A84 /* Door.swift in Sources */,
				AB07DB652A60394100721221 /* Ground.swift in Sources */,
				AB07DB5B2A5F934600721221 /* Math.swift in Sources */,
				984AEF102A64C70A00792A84 /* SpriteComponent.swift in Sources */,
				AB07DB612A602D8C00721221 /* PhysicsCategory.swift in Sources */,
			);
			runOnlyForDeploymentPostprocessing = 0;
		};
/* End PBXSourcesBuildPhase section */

/* Begin PBXVariantGroup section */
		AB07DB472A5F888600721221 /* Main.storyboard */ = {
			isa = PBXVariantGroup;
			children = (
				AB07DB482A5F888600721221 /* Base */,
			);
			name = Main.storyboard;
			sourceTree = "<group>";
		};
		AB07DB4C2A5F888800721221 /* LaunchScreen.storyboard */ = {
			isa = PBXVariantGroup;
			children = (
				AB07DB4D2A5F888800721221 /* Base */,
			);
			name = LaunchScreen.storyboard;
			sourceTree = "<group>";
		};
/* End PBXVariantGroup section */

/* Begin XCBuildConfiguration section */
		AB07DB4F2A5F888800721221 /* Debug */ = {
			isa = XCBuildConfiguration;
			buildSettings = {
				ALWAYS_SEARCH_USER_PATHS = NO;
				CLANG_ANALYZER_NONNULL = YES;
				CLANG_ANALYZER_NUMBER_OBJECT_CONVERSION = YES_AGGRESSIVE;
				CLANG_CXX_LANGUAGE_STANDARD = "gnu++20";
				CLANG_ENABLE_MODULES = YES;
				CLANG_ENABLE_OBJC_ARC = YES;
				CLANG_ENABLE_OBJC_WEAK = YES;
				CLANG_WARN_BLOCK_CAPTURE_AUTORELEASING = YES;
				CLANG_WARN_BOOL_CONVERSION = YES;
				CLANG_WARN_COMMA = YES;
				CLANG_WARN_CONSTANT_CONVERSION = YES;
				CLANG_WARN_DEPRECATED_OBJC_IMPLEMENTATIONS = YES;
				CLANG_WARN_DIRECT_OBJC_ISA_USAGE = YES_ERROR;
				CLANG_WARN_DOCUMENTATION_COMMENTS = YES;
				CLANG_WARN_EMPTY_BODY = YES;
				CLANG_WARN_ENUM_CONVERSION = YES;
				CLANG_WARN_INFINITE_RECURSION = YES;
				CLANG_WARN_INT_CONVERSION = YES;
				CLANG_WARN_NON_LITERAL_NULL_CONVERSION = YES;
				CLANG_WARN_OBJC_IMPLICIT_RETAIN_SELF = YES;
				CLANG_WARN_OBJC_LITERAL_CONVERSION = YES;
				CLANG_WARN_OBJC_ROOT_CLASS = YES_ERROR;
				CLANG_WARN_QUOTED_INCLUDE_IN_FRAMEWORK_HEADER = YES;
				CLANG_WARN_RANGE_LOOP_ANALYSIS = YES;
				CLANG_WARN_STRICT_PROTOTYPES = YES;
				CLANG_WARN_SUSPICIOUS_MOVE = YES;
				CLANG_WARN_UNGUARDED_AVAILABILITY = YES_AGGRESSIVE;
				CLANG_WARN_UNREACHABLE_CODE = YES;
				CLANG_WARN__DUPLICATE_METHOD_MATCH = YES;
				COPY_PHASE_STRIP = NO;
				DEBUG_INFORMATION_FORMAT = dwarf;
				ENABLE_STRICT_OBJC_MSGSEND = YES;
				ENABLE_TESTABILITY = YES;
				GCC_C_LANGUAGE_STANDARD = gnu11;
				GCC_DYNAMIC_NO_PIC = NO;
				GCC_NO_COMMON_BLOCKS = YES;
				GCC_OPTIMIZATION_LEVEL = 0;
				GCC_PREPROCESSOR_DEFINITIONS = (
					"DEBUG=1",
					"$(inherited)",
				);
				GCC_WARN_64_TO_32_BIT_CONVERSION = YES;
				GCC_WARN_ABOUT_RETURN_TYPE = YES_ERROR;
				GCC_WARN_UNDECLARED_SELECTOR = YES;
				GCC_WARN_UNINITIALIZED_AUTOS = YES_AGGRESSIVE;
				GCC_WARN_UNUSED_FUNCTION = YES;
				GCC_WARN_UNUSED_VARIABLE = YES;
				IPHONEOS_DEPLOYMENT_TARGET = 16.4;
				MTL_ENABLE_DEBUG_INFO = INCLUDE_SOURCE;
				MTL_FAST_MATH = YES;
				ONLY_ACTIVE_ARCH = YES;
				SDKROOT = iphoneos;
				SWIFT_ACTIVE_COMPILATION_CONDITIONS = DEBUG;
				SWIFT_OPTIMIZATION_LEVEL = "-Onone";
			};
			name = Debug;
		};
		AB07DB502A5F888800721221 /* Release */ = {
			isa = XCBuildConfiguration;
			buildSettings = {
				ALWAYS_SEARCH_USER_PATHS = NO;
				CLANG_ANALYZER_NONNULL = YES;
				CLANG_ANALYZER_NUMBER_OBJECT_CONVERSION = YES_AGGRESSIVE;
				CLANG_CXX_LANGUAGE_STANDARD = "gnu++20";
				CLANG_ENABLE_MODULES = YES;
				CLANG_ENABLE_OBJC_ARC = YES;
				CLANG_ENABLE_OBJC_WEAK = YES;
				CLANG_WARN_BLOCK_CAPTURE_AUTORELEASING = YES;
				CLANG_WARN_BOOL_CONVERSION = YES;
				CLANG_WARN_COMMA = YES;
				CLANG_WARN_CONSTANT_CONVERSION = YES;
				CLANG_WARN_DEPRECATED_OBJC_IMPLEMENTATIONS = YES;
				CLANG_WARN_DIRECT_OBJC_ISA_USAGE = YES_ERROR;
				CLANG_WARN_DOCUMENTATION_COMMENTS = YES;
				CLANG_WARN_EMPTY_BODY = YES;
				CLANG_WARN_ENUM_CONVERSION = YES;
				CLANG_WARN_INFINITE_RECURSION = YES;
				CLANG_WARN_INT_CONVERSION = YES;
				CLANG_WARN_NON_LITERAL_NULL_CONVERSION = YES;
				CLANG_WARN_OBJC_IMPLICIT_RETAIN_SELF = YES;
				CLANG_WARN_OBJC_LITERAL_CONVERSION = YES;
				CLANG_WARN_OBJC_ROOT_CLASS = YES_ERROR;
				CLANG_WARN_QUOTED_INCLUDE_IN_FRAMEWORK_HEADER = YES;
				CLANG_WARN_RANGE_LOOP_ANALYSIS = YES;
				CLANG_WARN_STRICT_PROTOTYPES = YES;
				CLANG_WARN_SUSPICIOUS_MOVE = YES;
				CLANG_WARN_UNGUARDED_AVAILABILITY = YES_AGGRESSIVE;
				CLANG_WARN_UNREACHABLE_CODE = YES;
				CLANG_WARN__DUPLICATE_METHOD_MATCH = YES;
				COPY_PHASE_STRIP = NO;
				DEBUG_INFORMATION_FORMAT = "dwarf-with-dsym";
				ENABLE_NS_ASSERTIONS = NO;
				ENABLE_STRICT_OBJC_MSGSEND = YES;
				GCC_C_LANGUAGE_STANDARD = gnu11;
				GCC_NO_COMMON_BLOCKS = YES;
				GCC_WARN_64_TO_32_BIT_CONVERSION = YES;
				GCC_WARN_ABOUT_RETURN_TYPE = YES_ERROR;
				GCC_WARN_UNDECLARED_SELECTOR = YES;
				GCC_WARN_UNINITIALIZED_AUTOS = YES_AGGRESSIVE;
				GCC_WARN_UNUSED_FUNCTION = YES;
				GCC_WARN_UNUSED_VARIABLE = YES;
				IPHONEOS_DEPLOYMENT_TARGET = 16.4;
				MTL_ENABLE_DEBUG_INFO = NO;
				MTL_FAST_MATH = YES;
				SDKROOT = iphoneos;
				SWIFT_COMPILATION_MODE = wholemodule;
				SWIFT_OPTIMIZATION_LEVEL = "-O";
				VALIDATE_PRODUCT = YES;
			};
			name = Release;
		};
		AB07DB522A5F888800721221 /* Debug */ = {
			isa = XCBuildConfiguration;
			buildSettings = {
				ASSETCATALOG_COMPILER_APPICON_NAME = AppIcon;
				ASSETCATALOG_COMPILER_GLOBAL_ACCENT_COLOR_NAME = AccentColor;
				CODE_SIGN_STYLE = Automatic;
				CURRENT_PROJECT_VERSION = 1;
				DEVELOPMENT_TEAM = M67J2XKW43;
				GENERATE_INFOPLIST_FILE = YES;
				INFOPLIST_KEY_UIApplicationSupportsIndirectInputEvents = YES;
				INFOPLIST_KEY_UILaunchStoryboardName = LaunchScreen;
				INFOPLIST_KEY_UIMainStoryboardFile = Main;
				INFOPLIST_KEY_UIStatusBarHidden = YES;
				INFOPLIST_KEY_UISupportedInterfaceOrientations = "UIInterfaceOrientationLandscapeLeft UIInterfaceOrientationLandscapeRight";
				IPHONEOS_DEPLOYMENT_TARGET = 16.0;
				LD_RUNPATH_SEARCH_PATHS = (
					"$(inherited)",
					"@executable_path/Frameworks",
				);
				MARKETING_VERSION = 1.0;
				PRODUCT_BUNDLE_IDENTIFIER = "Gabriel.MiniChallenge-01";
				PRODUCT_NAME = "$(TARGET_NAME)";
				SWIFT_EMIT_LOC_STRINGS = YES;
				SWIFT_VERSION = 5.0;
				TARGETED_DEVICE_FAMILY = "1,2";
			};
			name = Debug;
		};
		AB07DB532A5F888800721221 /* Release */ = {
			isa = XCBuildConfiguration;
			buildSettings = {
				ASSETCATALOG_COMPILER_APPICON_NAME = AppIcon;
				ASSETCATALOG_COMPILER_GLOBAL_ACCENT_COLOR_NAME = AccentColor;
				CODE_SIGN_STYLE = Automatic;
				CURRENT_PROJECT_VERSION = 1;
				DEVELOPMENT_TEAM = M67J2XKW43;
				GENERATE_INFOPLIST_FILE = YES;
				INFOPLIST_KEY_UIApplicationSupportsIndirectInputEvents = YES;
				INFOPLIST_KEY_UILaunchStoryboardName = LaunchScreen;
				INFOPLIST_KEY_UIMainStoryboardFile = Main;
				INFOPLIST_KEY_UIStatusBarHidden = YES;
				INFOPLIST_KEY_UISupportedInterfaceOrientations = "UIInterfaceOrientationLandscapeLeft UIInterfaceOrientationLandscapeRight";
				IPHONEOS_DEPLOYMENT_TARGET = 16.0;
				LD_RUNPATH_SEARCH_PATHS = (
					"$(inherited)",
					"@executable_path/Frameworks",
				);
				MARKETING_VERSION = 1.0;
				PRODUCT_BUNDLE_IDENTIFIER = "Gabriel.MiniChallenge-01";
				PRODUCT_NAME = "$(TARGET_NAME)";
				SWIFT_EMIT_LOC_STRINGS = YES;
				SWIFT_VERSION = 5.0;
				TARGETED_DEVICE_FAMILY = "1,2";
			};
			name = Release;
		};
/* End XCBuildConfiguration section */

/* Begin XCConfigurationList section */
		AB07DB352A5F888600721221 /* Build configuration list for PBXProject "MiniChallenge" */ = {
			isa = XCConfigurationList;
			buildConfigurations = (
				AB07DB4F2A5F888800721221 /* Debug */,
				AB07DB502A5F888800721221 /* Release */,
			);
			defaultConfigurationIsVisible = 0;
			defaultConfigurationName = Release;
		};
		AB07DB512A5F888800721221 /* Build configuration list for PBXNativeTarget "MiniChallenge" */ = {
			isa = XCConfigurationList;
			buildConfigurations = (
				AB07DB522A5F888800721221 /* Debug */,
				AB07DB532A5F888800721221 /* Release */,
			);
			defaultConfigurationIsVisible = 0;
			defaultConfigurationName = Release;
		};
/* End XCConfigurationList section */
	};
	rootObject = AB07DB322A5F888600721221 /* Project object */;
}
