// !$*UTF8*$!
{
	archiveVersion = 1;
	classes = {
	};
	objectVersion = 56;
	objects = {

/* Begin PBXBuildFile section */
		9806B5C92A69A65E003CDE88 /* WaterEntity.swift in Sources */ = {isa = PBXBuildFile; fileRef = 9806B5C82A69A65E003CDE88 /* WaterEntity.swift */; };
		9806B5CB2A69A719003CDE88 /* KillierCollisionComponent.swift in Sources */ = {isa = PBXBuildFile; fileRef = 9806B5CA2A69A719003CDE88 /* KillierCollisionComponent.swift */; };
		9806B5CD2A69BE02003CDE88 /* SKPhysicsBody.swift in Sources */ = {isa = PBXBuildFile; fileRef = 9806B5CC2A69BE02003CDE88 /* SKPhysicsBody.swift */; };
		9806B5CF2A69C32B003CDE88 /* Fallen1Entity.swift in Sources */ = {isa = PBXBuildFile; fileRef = 9806B5CE2A69C32B003CDE88 /* Fallen1Entity.swift */; };
		9808510B2A72CB0C007F80E9 /* PlayerStates.swift in Sources */ = {isa = PBXBuildFile; fileRef = 9808510A2A72CB0C007F80E9 /* PlayerStates.swift */; };
		980D33592A706E4A00944EF5 /* WhiteSpriteShader.fsh in Resources */ = {isa = PBXBuildFile; fileRef = 980D33582A706E4A00944EF5 /* WhiteSpriteShader.fsh */; };
		980D335B2A7077EF00944EF5 /* Shader.fsh in Resources */ = {isa = PBXBuildFile; fileRef = 980D335A2A7077EF00944EF5 /* Shader.fsh */; };
		980FE3652A6871F900681175 /* NodeEntity.swift in Sources */ = {isa = PBXBuildFile; fileRef = 980FE3642A6871F900681175 /* NodeEntity.swift */; };
		98155DC62A6722C30067EA24 /* Phase2.sks in Resources */ = {isa = PBXBuildFile; fileRef = 98155DC52A6722C30067EA24 /* Phase2.sks */; };
		98155DC82A672DD30067EA24 /* FallenBlocksComponent.swift in Sources */ = {isa = PBXBuildFile; fileRef = 98155DC72A672DD30067EA24 /* FallenBlocksComponent.swift */; };
		984AEF0C2A64BCD300792A84 /* DoorComponent.swift in Sources */ = {isa = PBXBuildFile; fileRef = 984AEF0B2A64BCD300792A84 /* DoorComponent.swift */; };
		984AEF0E2A64C42B00792A84 /* TriggerComponent.swift in Sources */ = {isa = PBXBuildFile; fileRef = 984AEF0D2A64C42B00792A84 /* TriggerComponent.swift */; };
		984AEF102A64C70A00792A84 /* SpriteComponent.swift in Sources */ = {isa = PBXBuildFile; fileRef = 984AEF0F2A64C70A00792A84 /* SpriteComponent.swift */; };
		984BB8482A77620C00910613 /* paz.mp3 in Resources */ = {isa = PBXBuildFile; fileRef = 984BB8472A77620C00910613 /* paz.mp3 */; };
		984BB84C2A77690200910613 /* intro.mp3 in Resources */ = {isa = PBXBuildFile; fileRef = 984BB84B2A77690200910613 /* intro.mp3 */; };
		9865AC4E2A65B74F003BDA66 /* DoorEntity.swift in Sources */ = {isa = PBXBuildFile; fileRef = 9865AC4D2A65B74F003BDA66 /* DoorEntity.swift */; };
		987818C72A781DDF00BE6C20 /* AudioManager.swift in Sources */ = {isa = PBXBuildFile; fileRef = 987818C62A781DDF00BE6C20 /* AudioManager.swift */; };
		987818CD2A782E2000BE6C20 /* calma-triste.mp3 in Resources */ = {isa = PBXBuildFile; fileRef = 987818CC2A782E2000BE6C20 /* calma-triste.mp3 */; };
		987818D32A783ADA00BE6C20 /* weird.mp3 in Resources */ = {isa = PBXBuildFile; fileRef = 987818D22A783ADA00BE6C20 /* weird.mp3 */; };
		987818D52A78484700BE6C20 /* dash2.mp3 in Resources */ = {isa = PBXBuildFile; fileRef = 987818D42A78484700BE6C20 /* dash2.mp3 */; };
		987818D72A784B6600BE6C20 /* water1.mp3 in Resources */ = {isa = PBXBuildFile; fileRef = 987818D62A784B6600BE6C20 /* water1.mp3 */; };
		987818D92A784BC300BE6C20 /* water2.mp3 in Resources */ = {isa = PBXBuildFile; fileRef = 987818D82A784BC300BE6C20 /* water2.mp3 */; };
		98A56A282A6F2E9D00A19A18 /* Parallax.swift in Sources */ = {isa = PBXBuildFile; fileRef = 98A56A272A6F2E9D00A19A18 /* Parallax.swift */; };
		98CE02AF2A64A0660032DFCC /* TileSetAsset.sks in Resources */ = {isa = PBXBuildFile; fileRef = 98CE02AA2A64A0660032DFCC /* TileSetAsset.sks */; };
		98CE02B02A64A0660032DFCC /* BaseLevelScene.swift in Sources */ = {isa = PBXBuildFile; fileRef = 98CE02AB2A64A0660032DFCC /* BaseLevelScene.swift */; };
		98CE02B12A64A0660032DFCC /* Assets.xcassets in Resources */ = {isa = PBXBuildFile; fileRef = 98CE02AC2A64A0660032DFCC /* Assets.xcassets */; };
		98CE02BF2A64AAE50032DFCC /* PlataformGameScene.sks in Resources */ = {isa = PBXBuildFile; fileRef = 98CE02BE2A64AAE50032DFCC /* PlataformGameScene.sks */; };
		AB07DB3E2A5F888600721221 /* AppDelegate.swift in Sources */ = {isa = PBXBuildFile; fileRef = AB07DB3D2A5F888600721221 /* AppDelegate.swift */; };
		AB07DB462A5F888600721221 /* GameViewController.swift in Sources */ = {isa = PBXBuildFile; fileRef = AB07DB452A5F888600721221 /* GameViewController.swift */; };
		AB07DB492A5F888600721221 /* Main.storyboard in Resources */ = {isa = PBXBuildFile; fileRef = AB07DB472A5F888600721221 /* Main.storyboard */; };
		AB07DB4B2A5F888800721221 /* Assets.xcassets in Resources */ = {isa = PBXBuildFile; fileRef = AB07DB4A2A5F888800721221 /* Assets.xcassets */; };
		AB07DB4E2A5F888800721221 /* LaunchScreen.storyboard in Resources */ = {isa = PBXBuildFile; fileRef = AB07DB4C2A5F888800721221 /* LaunchScreen.storyboard */; };
		AB07DB5B2A5F934600721221 /* Math.swift in Sources */ = {isa = PBXBuildFile; fileRef = AB07DB5A2A5F934600721221 /* Math.swift */; };
		AB07DB5D2A5F938F00721221 /* Player.swift in Sources */ = {isa = PBXBuildFile; fileRef = AB07DB5C2A5F938F00721221 /* Player.swift */; };
		AB07DB612A602D8C00721221 /* PhysicsCategory.swift in Sources */ = {isa = PBXBuildFile; fileRef = AB07DB602A602D8C00721221 /* PhysicsCategory.swift */; };
		AB07DB632A60317800721221 /* VirtualController.swift in Sources */ = {isa = PBXBuildFile; fileRef = AB07DB622A60317800721221 /* VirtualController.swift */; };
		AB07DB652A60394100721221 /* Ground.swift in Sources */ = {isa = PBXBuildFile; fileRef = AB07DB642A60394100721221 /* Ground.swift */; };
		AB07DB682A60400000721221 /* Camera.swift in Sources */ = {isa = PBXBuildFile; fileRef = AB07DB672A60400000721221 /* Camera.swift */; };
		AB5785692A775ADD00CB4770 /* Lv1.swift in Sources */ = {isa = PBXBuildFile; fileRef = AB5785682A775ADD00CB4770 /* Lv1.swift */; };
		AB57856B2A775AF400CB4770 /* lv 1.sks in Resources */ = {isa = PBXBuildFile; fileRef = AB57856A2A775AF400CB4770 /* lv 1.sks */; };
		AB5785712A77AFE100CB4770 /* Lv3.swift in Sources */ = {isa = PBXBuildFile; fileRef = AB5785702A77AFE100CB4770 /* Lv3.swift */; };
		AB5785732A77AFF300CB4770 /* Lv3.sks in Resources */ = {isa = PBXBuildFile; fileRef = AB5785722A77AFF300CB4770 /* Lv3.sks */; };
		AB6D31452A72D21C00D31F16 /* Test.swift in Sources */ = {isa = PBXBuildFile; fileRef = AB6D31442A72D21C00D31F16 /* Test.swift */; };
		AB6D31472A72D22C00D31F16 /* Test.sks in Resources */ = {isa = PBXBuildFile; fileRef = AB6D31462A72D22C00D31F16 /* Test.sks */; };
		E80030EB2A6DCEB1003F78A4 /* MainMenu.swift in Sources */ = {isa = PBXBuildFile; fileRef = E80030EA2A6DCEB1003F78A4 /* MainMenu.swift */; };
		E80030ED2A6DCED2003F78A4 /* MainMenu.sks in Resources */ = {isa = PBXBuildFile; fileRef = E80030EC2A6DCED2003F78A4 /* MainMenu.sks */; };
		E80030F12A6DDBBB003F78A4 /* ExplainScene1.swift in Sources */ = {isa = PBXBuildFile; fileRef = E80030F02A6DDBBB003F78A4 /* ExplainScene1.swift */; };
		E80030F32A6DDBF1003F78A4 /* ExplainScene1.sks in Resources */ = {isa = PBXBuildFile; fileRef = E80030F22A6DDBF1003F78A4 /* ExplainScene1.sks */; };
		E80030F52A6DE4D1003F78A4 /* ExplainScene2.sks in Resources */ = {isa = PBXBuildFile; fileRef = E80030F42A6DE4D1003F78A4 /* ExplainScene2.sks */; };
		E80030F72A6DE4DA003F78A4 /* ExplainScene2.swift in Sources */ = {isa = PBXBuildFile; fileRef = E80030F62A6DE4DA003F78A4 /* ExplainScene2.swift */; };
		E80030FC2A6E5AE0003F78A4 /* SwinPhase.swift in Sources */ = {isa = PBXBuildFile; fileRef = E80030FB2A6E5AE0003F78A4 /* SwinPhase.swift */; };
		E80030FE2A6E5B2C003F78A4 /* SwinPhase.sks in Resources */ = {isa = PBXBuildFile; fileRef = E80030FD2A6E5B2C003F78A4 /* SwinPhase.sks */; };
		E80031052A6F157D003F78A4 /* ExplainScene3.swift in Sources */ = {isa = PBXBuildFile; fileRef = E80031042A6F157D003F78A4 /* ExplainScene3.swift */; };
		E80031072A6F1588003F78A4 /* ExplainScene3.sks in Resources */ = {isa = PBXBuildFile; fileRef = E80031062A6F1588003F78A4 /* ExplainScene3.sks */; };
		E800310A2A6F15C1003F78A4 /* FinalScene.swift in Sources */ = {isa = PBXBuildFile; fileRef = E80031092A6F15C1003F78A4 /* FinalScene.swift */; };
		E800310C2A6F15CD003F78A4 /* FinalScene.sks in Resources */ = {isa = PBXBuildFile; fileRef = E800310B2A6F15CD003F78A4 /* FinalScene.sks */; };
		E80B5B372A65D5BE00E719E4 /* SKScene.swift in Sources */ = {isa = PBXBuildFile; fileRef = E80B5B362A65D5BE00E719E4 /* SKScene.swift */; };
		E8302BEB2A6B0C6000BC9C06 /* VisualBug.swift in Sources */ = {isa = PBXBuildFile; fileRef = E8302BEA2A6B0C6000BC9C06 /* VisualBug.swift */; };
		E8302BED2A6B25B100BC9C06 /* Prologue.swift in Sources */ = {isa = PBXBuildFile; fileRef = E8302BEC2A6B25B100BC9C06 /* Prologue.swift */; };
		E85633462A671E7400FCB1FF /* FallenIceBlock.swift in Sources */ = {isa = PBXBuildFile; fileRef = E85633452A671E7400FCB1FF /* FallenIceBlock.swift */; };
		E871D9CA2A70605100716754 /* Persistence.swift in Sources */ = {isa = PBXBuildFile; fileRef = E871D9C92A70605100716754 /* Persistence.swift */; };
		E8E492142A66314900FE6C86 /* Phase1.swift in Sources */ = {isa = PBXBuildFile; fileRef = E8E492132A66314900FE6C86 /* Phase1.swift */; };
		E8E492162A6633F800FE6C86 /* Phase1.sks in Resources */ = {isa = PBXBuildFile; fileRef = E8E492152A6633F800FE6C86 /* Phase1.sks */; };
		E8E492192A66359B00FE6C86 /* Phase2.swift in Sources */ = {isa = PBXBuildFile; fileRef = E8E492182A66359B00FE6C86 /* Phase2.swift */; };
		E8E4921E2A66476B00FE6C86 /* Phase3.swift in Sources */ = {isa = PBXBuildFile; fileRef = E8E4921D2A66476B00FE6C86 /* Phase3.swift */; };
		E8E492202A66477500FE6C86 /* Phase3.sks in Resources */ = {isa = PBXBuildFile; fileRef = E8E4921F2A66477500FE6C86 /* Phase3.sks */; };
		E8EE37312A78218E0061A9B3 /* BUG2.mp3 in Resources */ = {isa = PBXBuildFile; fileRef = E8EE372F2A78218E0061A9B3 /* BUG2.mp3 */; };
		E8EE37322A78218E0061A9B3 /* BUG1.mp3 in Resources */ = {isa = PBXBuildFile; fileRef = E8EE37302A78218E0061A9B3 /* BUG1.mp3 */; };
/* End PBXBuildFile section */

/* Begin PBXFileReference section */
		9806B5C82A69A65E003CDE88 /* WaterEntity.swift */ = {isa = PBXFileReference; lastKnownFileType = sourcecode.swift; path = WaterEntity.swift; sourceTree = "<group>"; };
		9806B5CA2A69A719003CDE88 /* KillierCollisionComponent.swift */ = {isa = PBXFileReference; lastKnownFileType = sourcecode.swift; path = KillierCollisionComponent.swift; sourceTree = "<group>"; };
		9806B5CC2A69BE02003CDE88 /* SKPhysicsBody.swift */ = {isa = PBXFileReference; lastKnownFileType = sourcecode.swift; path = SKPhysicsBody.swift; sourceTree = "<group>"; };
		9806B5CE2A69C32B003CDE88 /* Fallen1Entity.swift */ = {isa = PBXFileReference; lastKnownFileType = sourcecode.swift; path = Fallen1Entity.swift; sourceTree = "<group>"; };
		9808510A2A72CB0C007F80E9 /* PlayerStates.swift */ = {isa = PBXFileReference; lastKnownFileType = sourcecode.swift; path = PlayerStates.swift; sourceTree = "<group>"; };
		980D33582A706E4A00944EF5 /* WhiteSpriteShader.fsh */ = {isa = PBXFileReference; lastKnownFileType = sourcecode.glsl; path = WhiteSpriteShader.fsh; sourceTree = "<group>"; };
		980D335A2A7077EF00944EF5 /* Shader.fsh */ = {isa = PBXFileReference; lastKnownFileType = sourcecode.glsl; path = Shader.fsh; sourceTree = "<group>"; };
		980FE3642A6871F900681175 /* NodeEntity.swift */ = {isa = PBXFileReference; lastKnownFileType = sourcecode.swift; path = NodeEntity.swift; sourceTree = "<group>"; };
		98155DC52A6722C30067EA24 /* Phase2.sks */ = {isa = PBXFileReference; lastKnownFileType = file.sks; path = Phase2.sks; sourceTree = "<group>"; };
		98155DC72A672DD30067EA24 /* FallenBlocksComponent.swift */ = {isa = PBXFileReference; lastKnownFileType = sourcecode.swift; path = FallenBlocksComponent.swift; sourceTree = "<group>"; };
		984AEF0B2A64BCD300792A84 /* DoorComponent.swift */ = {isa = PBXFileReference; lastKnownFileType = sourcecode.swift; path = DoorComponent.swift; sourceTree = "<group>"; };
		984AEF0D2A64C42B00792A84 /* TriggerComponent.swift */ = {isa = PBXFileReference; lastKnownFileType = sourcecode.swift; path = TriggerComponent.swift; sourceTree = "<group>"; };
		984AEF0F2A64C70A00792A84 /* SpriteComponent.swift */ = {isa = PBXFileReference; lastKnownFileType = sourcecode.swift; path = SpriteComponent.swift; sourceTree = "<group>"; };
		984BB8472A77620C00910613 /* paz.mp3 */ = {isa = PBXFileReference; lastKnownFileType = audio.mp3; path = paz.mp3; sourceTree = "<group>"; };
		984BB84B2A77690200910613 /* intro.mp3 */ = {isa = PBXFileReference; lastKnownFileType = audio.mp3; path = intro.mp3; sourceTree = "<group>"; };
		9865AC4D2A65B74F003BDA66 /* DoorEntity.swift */ = {isa = PBXFileReference; fileEncoding = 4; lastKnownFileType = sourcecode.swift; path = DoorEntity.swift; sourceTree = "<group>"; };
		987818C62A781DDF00BE6C20 /* AudioManager.swift */ = {isa = PBXFileReference; lastKnownFileType = sourcecode.swift; path = AudioManager.swift; sourceTree = "<group>"; };
		987818CC2A782E2000BE6C20 /* calma-triste.mp3 */ = {isa = PBXFileReference; lastKnownFileType = audio.mp3; path = "calma-triste.mp3"; sourceTree = "<group>"; };
		987818D22A783ADA00BE6C20 /* weird.mp3 */ = {isa = PBXFileReference; lastKnownFileType = audio.mp3; path = weird.mp3; sourceTree = "<group>"; };
		987818D42A78484700BE6C20 /* dash2.mp3 */ = {isa = PBXFileReference; lastKnownFileType = audio.mp3; path = dash2.mp3; sourceTree = "<group>"; };
		987818D62A784B6600BE6C20 /* water1.mp3 */ = {isa = PBXFileReference; lastKnownFileType = audio.mp3; path = water1.mp3; sourceTree = "<group>"; };
		987818D82A784BC300BE6C20 /* water2.mp3 */ = {isa = PBXFileReference; lastKnownFileType = audio.mp3; path = water2.mp3; sourceTree = "<group>"; };
		98A56A272A6F2E9D00A19A18 /* Parallax.swift */ = {isa = PBXFileReference; fileEncoding = 4; lastKnownFileType = sourcecode.swift; path = Parallax.swift; sourceTree = "<group>"; };
		98CE02AA2A64A0660032DFCC /* TileSetAsset.sks */ = {isa = PBXFileReference; lastKnownFileType = file.sks; path = TileSetAsset.sks; sourceTree = "<group>"; };
		98CE02AB2A64A0660032DFCC /* BaseLevelScene.swift */ = {isa = PBXFileReference; fileEncoding = 4; lastKnownFileType = sourcecode.swift; path = BaseLevelScene.swift; sourceTree = "<group>"; };
		98CE02AC2A64A0660032DFCC /* Assets.xcassets */ = {isa = PBXFileReference; lastKnownFileType = folder.assetcatalog; path = Assets.xcassets; sourceTree = "<group>"; };
		98CE02BE2A64AAE50032DFCC /* PlataformGameScene.sks */ = {isa = PBXFileReference; lastKnownFileType = file.sks; path = PlataformGameScene.sks; sourceTree = "<group>"; };
		AB07DB3A2A5F888600721221 /* MiniChallenge.app */ = {isa = PBXFileReference; explicitFileType = wrapper.application; includeInIndex = 0; path = MiniChallenge.app; sourceTree = BUILT_PRODUCTS_DIR; };
		AB07DB3D2A5F888600721221 /* AppDelegate.swift */ = {isa = PBXFileReference; lastKnownFileType = sourcecode.swift; path = AppDelegate.swift; sourceTree = "<group>"; };
		AB07DB452A5F888600721221 /* GameViewController.swift */ = {isa = PBXFileReference; lastKnownFileType = sourcecode.swift; path = GameViewController.swift; sourceTree = "<group>"; };
		AB07DB482A5F888600721221 /* Base */ = {isa = PBXFileReference; lastKnownFileType = file.storyboard; name = Base; path = Base.lproj/Main.storyboard; sourceTree = "<group>"; };
		AB07DB4A2A5F888800721221 /* Assets.xcassets */ = {isa = PBXFileReference; lastKnownFileType = folder.assetcatalog; path = Assets.xcassets; sourceTree = "<group>"; };
		AB07DB4D2A5F888800721221 /* Base */ = {isa = PBXFileReference; lastKnownFileType = file.storyboard; name = Base; path = Base.lproj/LaunchScreen.storyboard; sourceTree = "<group>"; };
		AB07DB5A2A5F934600721221 /* Math.swift */ = {isa = PBXFileReference; lastKnownFileType = sourcecode.swift; path = Math.swift; sourceTree = "<group>"; };
		AB07DB5C2A5F938F00721221 /* Player.swift */ = {isa = PBXFileReference; lastKnownFileType = sourcecode.swift; path = Player.swift; sourceTree = "<group>"; };
		AB07DB602A602D8C00721221 /* PhysicsCategory.swift */ = {isa = PBXFileReference; lastKnownFileType = sourcecode.swift; path = PhysicsCategory.swift; sourceTree = "<group>"; };
		AB07DB622A60317800721221 /* VirtualController.swift */ = {isa = PBXFileReference; lastKnownFileType = sourcecode.swift; path = VirtualController.swift; sourceTree = "<group>"; };
		AB07DB642A60394100721221 /* Ground.swift */ = {isa = PBXFileReference; lastKnownFileType = sourcecode.swift; path = Ground.swift; sourceTree = "<group>"; };
		AB07DB672A60400000721221 /* Camera.swift */ = {isa = PBXFileReference; lastKnownFileType = sourcecode.swift; path = Camera.swift; sourceTree = "<group>"; };
		AB5785682A775ADD00CB4770 /* Lv1.swift */ = {isa = PBXFileReference; lastKnownFileType = sourcecode.swift; path = Lv1.swift; sourceTree = "<group>"; };
		AB57856A2A775AF400CB4770 /* lv 1.sks */ = {isa = PBXFileReference; lastKnownFileType = file.sks; path = "lv 1.sks"; sourceTree = "<group>"; };
		AB5785702A77AFE100CB4770 /* Lv3.swift */ = {isa = PBXFileReference; lastKnownFileType = sourcecode.swift; path = Lv3.swift; sourceTree = "<group>"; };
		AB5785722A77AFF300CB4770 /* Lv3.sks */ = {isa = PBXFileReference; lastKnownFileType = file.sks; path = Lv3.sks; sourceTree = "<group>"; };
		AB6D31442A72D21C00D31F16 /* Test.swift */ = {isa = PBXFileReference; lastKnownFileType = sourcecode.swift; path = Test.swift; sourceTree = "<group>"; };
		AB6D31462A72D22C00D31F16 /* Test.sks */ = {isa = PBXFileReference; lastKnownFileType = file.sks; path = Test.sks; sourceTree = "<group>"; };
		E80030EA2A6DCEB1003F78A4 /* MainMenu.swift */ = {isa = PBXFileReference; lastKnownFileType = sourcecode.swift; path = MainMenu.swift; sourceTree = "<group>"; };
		E80030EC2A6DCED2003F78A4 /* MainMenu.sks */ = {isa = PBXFileReference; lastKnownFileType = file.sks; path = MainMenu.sks; sourceTree = "<group>"; };
		E80030F02A6DDBBB003F78A4 /* ExplainScene1.swift */ = {isa = PBXFileReference; lastKnownFileType = sourcecode.swift; path = ExplainScene1.swift; sourceTree = "<group>"; };
		E80030F22A6DDBF1003F78A4 /* ExplainScene1.sks */ = {isa = PBXFileReference; lastKnownFileType = file.sks; path = ExplainScene1.sks; sourceTree = "<group>"; };
		E80030F42A6DE4D1003F78A4 /* ExplainScene2.sks */ = {isa = PBXFileReference; lastKnownFileType = file.sks; path = ExplainScene2.sks; sourceTree = "<group>"; };
		E80030F62A6DE4DA003F78A4 /* ExplainScene2.swift */ = {isa = PBXFileReference; lastKnownFileType = sourcecode.swift; path = ExplainScene2.swift; sourceTree = "<group>"; };
		E80030FB2A6E5AE0003F78A4 /* SwinPhase.swift */ = {isa = PBXFileReference; lastKnownFileType = sourcecode.swift; path = SwinPhase.swift; sourceTree = "<group>"; };
		E80030FD2A6E5B2C003F78A4 /* SwinPhase.sks */ = {isa = PBXFileReference; lastKnownFileType = file.sks; path = SwinPhase.sks; sourceTree = "<group>"; };
		E80031042A6F157D003F78A4 /* ExplainScene3.swift */ = {isa = PBXFileReference; lastKnownFileType = sourcecode.swift; path = ExplainScene3.swift; sourceTree = "<group>"; };
		E80031062A6F1588003F78A4 /* ExplainScene3.sks */ = {isa = PBXFileReference; lastKnownFileType = file.sks; path = ExplainScene3.sks; sourceTree = "<group>"; };
		E80031092A6F15C1003F78A4 /* FinalScene.swift */ = {isa = PBXFileReference; lastKnownFileType = sourcecode.swift; path = FinalScene.swift; sourceTree = "<group>"; };
		E800310B2A6F15CD003F78A4 /* FinalScene.sks */ = {isa = PBXFileReference; lastKnownFileType = file.sks; path = FinalScene.sks; sourceTree = "<group>"; };
		E80B5B362A65D5BE00E719E4 /* SKScene.swift */ = {isa = PBXFileReference; lastKnownFileType = sourcecode.swift; path = SKScene.swift; sourceTree = "<group>"; };
		E8302BEA2A6B0C6000BC9C06 /* VisualBug.swift */ = {isa = PBXFileReference; lastKnownFileType = sourcecode.swift; path = VisualBug.swift; sourceTree = "<group>"; };
		E8302BEC2A6B25B100BC9C06 /* Prologue.swift */ = {isa = PBXFileReference; lastKnownFileType = sourcecode.swift; path = Prologue.swift; sourceTree = "<group>"; };
		E85633452A671E7400FCB1FF /* FallenIceBlock.swift */ = {isa = PBXFileReference; lastKnownFileType = sourcecode.swift; path = FallenIceBlock.swift; sourceTree = "<group>"; };
		E871D9C92A70605100716754 /* Persistence.swift */ = {isa = PBXFileReference; lastKnownFileType = sourcecode.swift; path = Persistence.swift; sourceTree = "<group>"; };
		E8E492132A66314900FE6C86 /* Phase1.swift */ = {isa = PBXFileReference; lastKnownFileType = sourcecode.swift; path = Phase1.swift; sourceTree = "<group>"; };
		E8E492152A6633F800FE6C86 /* Phase1.sks */ = {isa = PBXFileReference; lastKnownFileType = file.sks; path = Phase1.sks; sourceTree = "<group>"; };
		E8E492182A66359B00FE6C86 /* Phase2.swift */ = {isa = PBXFileReference; lastKnownFileType = sourcecode.swift; path = Phase2.swift; sourceTree = "<group>"; };
		E8E4921D2A66476B00FE6C86 /* Phase3.swift */ = {isa = PBXFileReference; lastKnownFileType = sourcecode.swift; path = Phase3.swift; sourceTree = "<group>"; };
		E8E4921F2A66477500FE6C86 /* Phase3.sks */ = {isa = PBXFileReference; lastKnownFileType = file.sks; path = Phase3.sks; sourceTree = "<group>"; };
		E8EE372F2A78218E0061A9B3 /* BUG2.mp3 */ = {isa = PBXFileReference; lastKnownFileType = audio.mp3; path = BUG2.mp3; sourceTree = "<group>"; };
		E8EE37302A78218E0061A9B3 /* BUG1.mp3 */ = {isa = PBXFileReference; lastKnownFileType = audio.mp3; path = BUG1.mp3; sourceTree = "<group>"; };
/* End PBXFileReference section */

/* Begin PBXFrameworksBuildPhase section */
		AB07DB372A5F888600721221 /* Frameworks */ = {
			isa = PBXFrameworksBuildPhase;
			buildActionMask = 2147483647;
			files = (
			);
			runOnlyForDeploymentPostprocessing = 0;
		};
/* End PBXFrameworksBuildPhase section */

/* Begin PBXGroup section */
		980851082A72CA93007F80E9 /* States */ = {
			isa = PBXGroup;
			children = (
				9808510A2A72CB0C007F80E9 /* PlayerStates.swift */,
			);
			path = States;
			sourceTree = "<group>";
		};
		980D33572A706E2F00944EF5 /* Shaders */ = {
			isa = PBXGroup;
			children = (
				980D33582A706E4A00944EF5 /* WhiteSpriteShader.fsh */,
				980D335A2A7077EF00944EF5 /* Shader.fsh */,
			);
			path = Shaders;
			sourceTree = "<group>";
		};
		984AEF082A64BBF800792A84 /* Entities */ = {
			isa = PBXGroup;
			children = (
				9865AC4D2A65B74F003BDA66 /* DoorEntity.swift */,
				980FE3642A6871F900681175 /* NodeEntity.swift */,
				9806B5C82A69A65E003CDE88 /* WaterEntity.swift */,
				9806B5CE2A69C32B003CDE88 /* Fallen1Entity.swift */,
			);
			path = Entities;
			sourceTree = "<group>";
		};
		984BB8492A77622900910613 /* Audios */ = {
			isa = PBXGroup;
			children = (
				984BB84A2A77623100910613 /* Musics */,
			);
			path = Audios;
			sourceTree = "<group>";
		};
		984BB84A2A77623100910613 /* Musics */ = {
			isa = PBXGroup;
			children = (
				E8EE37302A78218E0061A9B3 /* BUG1.mp3 */,
				E8EE372F2A78218E0061A9B3 /* BUG2.mp3 */,
				984BB84B2A77690200910613 /* intro.mp3 */,
				984BB8472A77620C00910613 /* paz.mp3 */,
				987818CC2A782E2000BE6C20 /* calma-triste.mp3 */,
				987818D22A783ADA00BE6C20 /* weird.mp3 */,
				987818D42A78484700BE6C20 /* dash2.mp3 */,
				987818D62A784B6600BE6C20 /* water1.mp3 */,
				987818D82A784BC300BE6C20 /* water2.mp3 */,
			);
			path = Musics;
			sourceTree = "<group>";
		};
		98CE02A92A64A0660032DFCC /* Prólogo */ = {
			isa = PBXGroup;
			children = (
				98CE02AA2A64A0660032DFCC /* TileSetAsset.sks */,
				98CE02AC2A64A0660032DFCC /* Assets.xcassets */,
				98CE02BE2A64AAE50032DFCC /* PlataformGameScene.sks */,
				E8302BEA2A6B0C6000BC9C06 /* VisualBug.swift */,
				E8302BEC2A6B25B100BC9C06 /* Prologue.swift */,
				98CE02AB2A64A0660032DFCC /* BaseLevelScene.swift */,
			);
			path = "Prólogo";
			sourceTree = "<group>";
		};
		AB07DB312A5F888600721221 = {
			isa = PBXGroup;
			children = (
				AB07DB3C2A5F888600721221 /* MiniChallenge-01 */,
				AB07DB3B2A5F888600721221 /* Products */,
			);
			sourceTree = "<group>";
		};
		AB07DB3B2A5F888600721221 /* Products */ = {
			isa = PBXGroup;
			children = (
				AB07DB3A2A5F888600721221 /* MiniChallenge.app */,
			);
			name = Products;
			sourceTree = "<group>";
		};
		AB07DB3C2A5F888600721221 /* MiniChallenge-01 */ = {
			isa = PBXGroup;
			children = (
				984BB8492A77622900910613 /* Audios */,
				980D33572A706E2F00944EF5 /* Shaders */,
				E871D9C82A70604200716754 /* Persistence */,
				E80031082A6F15AF003F78A4 /* FinalScene */,
				E80030FA2A6E5ACA003F78A4 /* SwinPhase */,
				E80030E92A6DCE9A003F78A4 /* Menus */,
				E8E4921C2A66475400FE6C86 /* Phase3 */,
				E8E492172A66350800FE6C86 /* Phase2 */,
				E8E4920B2A662F7800FE6C86 /* Phase1 */,
				AB5785672A775A0500CB4770 /* New Levels 1.0 */,
				984AEF082A64BBF800792A84 /* Entities */,
				AB07DB452A5F888600721221 /* GameViewController.swift */,
				AB07DB4A2A5F888800721221 /* Assets.xcassets */,
				AB07DB572A5F90D600721221 /* APP */,
				980851082A72CA93007F80E9 /* States */,
				AB07DB592A5F921500721221 /* components */,
				98CE02A92A64A0660032DFCC /* Prólogo */,
				E80B5B362A65D5BE00E719E4 /* SKScene.swift */,
				9806B5CC2A69BE02003CDE88 /* SKPhysicsBody.swift */,
			);
			path = "MiniChallenge-01";
			sourceTree = "<group>";
		};
		AB07DB572A5F90D600721221 /* APP */ = {
			isa = PBXGroup;
			children = (
				AB07DB4C2A5F888800721221 /* LaunchScreen.storyboard */,
				AB07DB472A5F888600721221 /* Main.storyboard */,
				AB07DB3D2A5F888600721221 /* AppDelegate.swift */,
			);
			path = APP;
			sourceTree = "<group>";
		};
		AB07DB592A5F921500721221 /* components */ = {
			isa = PBXGroup;
			children = (
				AB07DB5A2A5F934600721221 /* Math.swift */,
				AB07DB602A602D8C00721221 /* PhysicsCategory.swift */,
				AB07DB5C2A5F938F00721221 /* Player.swift */,
				AB07DB622A60317800721221 /* VirtualController.swift */,
				AB07DB642A60394100721221 /* Ground.swift */,
				AB07DB672A60400000721221 /* Camera.swift */,
				984AEF0B2A64BCD300792A84 /* DoorComponent.swift */,
				984AEF0D2A64C42B00792A84 /* TriggerComponent.swift */,
				984AEF0F2A64C70A00792A84 /* SpriteComponent.swift */,
				98155DC72A672DD30067EA24 /* FallenBlocksComponent.swift */,
				E85633452A671E7400FCB1FF /* FallenIceBlock.swift */,
				9806B5CA2A69A719003CDE88 /* KillierCollisionComponent.swift */,
				98A56A272A6F2E9D00A19A18 /* Parallax.swift */,
				987818C62A781DDF00BE6C20 /* AudioManager.swift */,
			);
			path = components;
			sourceTree = "<group>";
		};
		AB5785672A775A0500CB4770 /* New Levels 1.0 */ = {
			isa = PBXGroup;
			children = (
				AB5785682A775ADD00CB4770 /* Lv1.swift */,
				AB57856A2A775AF400CB4770 /* lv 1.sks */,
				AB5785702A77AFE100CB4770 /* Lv3.swift */,
				AB5785722A77AFF300CB4770 /* Lv3.sks */,
			);
			path = "New Levels 1.0";
			sourceTree = "<group>";
		};
		E80030E92A6DCE9A003F78A4 /* Menus */ = {
			isa = PBXGroup;
			children = (
				E80030EA2A6DCEB1003F78A4 /* MainMenu.swift */,
				E80030EC2A6DCED2003F78A4 /* MainMenu.sks */,
				E80030F02A6DDBBB003F78A4 /* ExplainScene1.swift */,
				E80030F22A6DDBF1003F78A4 /* ExplainScene1.sks */,
				E80030F42A6DE4D1003F78A4 /* ExplainScene2.sks */,
				E80030F62A6DE4DA003F78A4 /* ExplainScene2.swift */,
				E80031042A6F157D003F78A4 /* ExplainScene3.swift */,
				E80031062A6F1588003F78A4 /* ExplainScene3.sks */,
			);
			path = Menus;
			sourceTree = "<group>";
		};
		E80030FA2A6E5ACA003F78A4 /* SwinPhase */ = {
			isa = PBXGroup;
			children = (
				E80030FB2A6E5AE0003F78A4 /* SwinPhase.swift */,
				E80030FD2A6E5B2C003F78A4 /* SwinPhase.sks */,
			);
			path = SwinPhase;
			sourceTree = "<group>";
		};
		E80031082A6F15AF003F78A4 /* FinalScene */ = {
			isa = PBXGroup;
			children = (
				E80031092A6F15C1003F78A4 /* FinalScene.swift */,
				E800310B2A6F15CD003F78A4 /* FinalScene.sks */,
			);
			path = FinalScene;
			sourceTree = "<group>";
		};
		E871D9C82A70604200716754 /* Persistence */ = {
			isa = PBXGroup;
			children = (
				E871D9C92A70605100716754 /* Persistence.swift */,
			);
			path = Persistence;
			sourceTree = "<group>";
		};
		E8E4920B2A662F7800FE6C86 /* Phase1 */ = {
			isa = PBXGroup;
			children = (
				E8E492132A66314900FE6C86 /* Phase1.swift */,
				E8E492152A6633F800FE6C86 /* Phase1.sks */,
				AB6D31442A72D21C00D31F16 /* Test.swift */,
				AB6D31462A72D22C00D31F16 /* Test.sks */,
			);
			path = Phase1;
			sourceTree = "<group>";
		};
		E8E492172A66350800FE6C86 /* Phase2 */ = {
			isa = PBXGroup;
			children = (
				E8E492182A66359B00FE6C86 /* Phase2.swift */,
				98155DC52A6722C30067EA24 /* Phase2.sks */,
			);
			path = Phase2;
			sourceTree = "<group>";
		};
		E8E4921C2A66475400FE6C86 /* Phase3 */ = {
			isa = PBXGroup;
			children = (
				E8E4921D2A66476B00FE6C86 /* Phase3.swift */,
				E8E4921F2A66477500FE6C86 /* Phase3.sks */,
			);
			path = Phase3;
			sourceTree = "<group>";
		};
/* End PBXGroup section */

/* Begin PBXNativeTarget section */
		AB07DB392A5F888600721221 /* MiniChallenge */ = {
			isa = PBXNativeTarget;
			buildConfigurationList = AB07DB512A5F888800721221 /* Build configuration list for PBXNativeTarget "MiniChallenge" */;
			buildPhases = (
				AB07DB362A5F888600721221 /* Sources */,
				AB07DB372A5F888600721221 /* Frameworks */,
				AB07DB382A5F888600721221 /* Resources */,
			);
			buildRules = (
			);
			dependencies = (
			);
			name = MiniChallenge;
			productName = "MiniChallenge-01";
			productReference = AB07DB3A2A5F888600721221 /* MiniChallenge.app */;
			productType = "com.apple.product-type.application";
		};
/* End PBXNativeTarget section */

/* Begin PBXProject section */
		AB07DB322A5F888600721221 /* Project object */ = {
			isa = PBXProject;
			attributes = {
				BuildIndependentTargetsInParallel = 1;
				LastSwiftUpdateCheck = 1430;
				LastUpgradeCheck = 1430;
				TargetAttributes = {
					AB07DB392A5F888600721221 = {
						CreatedOnToolsVersion = 14.3.1;
					};
				};
			};
			buildConfigurationList = AB07DB352A5F888600721221 /* Build configuration list for PBXProject "MiniChallenge" */;
			compatibilityVersion = "Xcode 14.0";
			developmentRegion = en;
			hasScannedForEncodings = 0;
			knownRegions = (
				en,
				Base,
			);
			mainGroup = AB07DB312A5F888600721221;
			productRefGroup = AB07DB3B2A5F888600721221 /* Products */;
			projectDirPath = "";
			projectRoot = "";
			targets = (
				AB07DB392A5F888600721221 /* MiniChallenge */,
			);
		};
/* End PBXProject section */

/* Begin PBXResourcesBuildPhase section */
		AB07DB382A5F888600721221 /* Resources */ = {
			isa = PBXResourcesBuildPhase;
			buildActionMask = 2147483647;
			files = (
				E80030F32A6DDBF1003F78A4 /* ExplainScene1.sks in Resources */,
				98155DC62A6722C30067EA24 /* Phase2.sks in Resources */,
				987818D32A783ADA00BE6C20 /* weird.mp3 in Resources */,
				E80031072A6F1588003F78A4 /* ExplainScene3.sks in Resources */,
				980D335B2A7077EF00944EF5 /* Shader.fsh in Resources */,
				AB07DB492A5F888600721221 /* Main.storyboard in Resources */,
				E80030ED2A6DCED2003F78A4 /* MainMenu.sks in Resources */,
				AB5785732A77AFF300CB4770 /* Lv3.sks in Resources */,
				E800310C2A6F15CD003F78A4 /* FinalScene.sks in Resources */,
				98CE02AF2A64A0660032DFCC /* TileSetAsset.sks in Resources */,
				E80030FE2A6E5B2C003F78A4 /* SwinPhase.sks in Resources */,
				987818CD2A782E2000BE6C20 /* calma-triste.mp3 in Resources */,
				AB6D31472A72D22C00D31F16 /* Test.sks in Resources */,
				E80030F52A6DE4D1003F78A4 /* ExplainScene2.sks in Resources */,
				E8EE37322A78218E0061A9B3 /* BUG1.mp3 in Resources */,
				98CE02BF2A64AAE50032DFCC /* PlataformGameScene.sks in Resources */,
				AB57856B2A775AF400CB4770 /* lv 1.sks in Resources */,
				AB07DB4B2A5F888800721221 /* Assets.xcassets in Resources */,
				E8E492202A66477500FE6C86 /* Phase3.sks in Resources */,
				AB07DB4E2A5F888800721221 /* LaunchScreen.storyboard in Resources */,
				984BB8482A77620C00910613 /* paz.mp3 in Resources */,
				E8E492162A6633F800FE6C86 /* Phase1.sks in Resources */,
				987818D92A784BC300BE6C20 /* water2.mp3 in Resources */,
				980D33592A706E4A00944EF5 /* WhiteSpriteShader.fsh in Resources */,
				E8EE37312A78218E0061A9B3 /* BUG2.mp3 in Resources */,
				987818D72A784B6600BE6C20 /* water1.mp3 in Resources */,
				987818D52A78484700BE6C20 /* dash2.mp3 in Resources */,
				98CE02B12A64A0660032DFCC /* Assets.xcassets in Resources */,
				984BB84C2A77690200910613 /* intro.mp3 in Resources */,
			);
			runOnlyForDeploymentPostprocessing = 0;
		};
/* End PBXResourcesBuildPhase section */

/* Begin PBXSourcesBuildPhase section */
		AB07DB362A5F888600721221 /* Sources */ = {
			isa = PBXSourcesBuildPhase;
			buildActionMask = 2147483647;
			files = (
				E80031052A6F157D003F78A4 /* ExplainScene3.swift in Sources */,
				E8302BED2A6B25B100BC9C06 /* Prologue.swift in Sources */,
				987818C72A781DDF00BE6C20 /* AudioManager.swift in Sources */,
				AB07DB462A5F888600721221 /* GameViewController.swift in Sources */,
				E85633462A671E7400FCB1FF /* FallenIceBlock.swift in Sources */,
				E8E492192A66359B00FE6C86 /* Phase2.swift in Sources */,
				E8E492142A66314900FE6C86 /* Phase1.swift in Sources */,
				9806B5CD2A69BE02003CDE88 /* SKPhysicsBody.swift in Sources */,
				98155DC82A672DD30067EA24 /* FallenBlocksComponent.swift in Sources */,
				AB07DB3E2A5F888600721221 /* AppDelegate.swift in Sources */,
				9806B5CB2A69A719003CDE88 /* KillierCollisionComponent.swift in Sources */,
				E80B5B372A65D5BE00E719E4 /* SKScene.swift in Sources */,
				9865AC4E2A65B74F003BDA66 /* DoorEntity.swift in Sources */,
				AB07DB5D2A5F938F00721221 /* Player.swift in Sources */,
				9806B5C92A69A65E003CDE88 /* WaterEntity.swift in Sources */,
				E80030F12A6DDBBB003F78A4 /* ExplainScene1.swift in Sources */,
				AB5785692A775ADD00CB4770 /* Lv1.swift in Sources */,
				AB5785712A77AFE100CB4770 /* Lv3.swift in Sources */,
				984AEF0E2A64C42B00792A84 /* TriggerComponent.swift in Sources */,
				E800310A2A6F15C1003F78A4 /* FinalScene.swift in Sources */,
				E8E4921E2A66476B00FE6C86 /* Phase3.swift in Sources */,
				E8302BEB2A6B0C6000BC9C06 /* VisualBug.swift in Sources */,
				98A56A282A6F2E9D00A19A18 /* Parallax.swift in Sources */,
				E80030FC2A6E5AE0003F78A4 /* SwinPhase.swift in Sources */,
				9808510B2A72CB0C007F80E9 /* PlayerStates.swift in Sources */,
				984AEF0C2A64BCD300792A84 /* DoorComponent.swift in Sources */,
				AB07DB632A60317800721221 /* VirtualController.swift in Sources */,
				E871D9CA2A70605100716754 /* Persistence.swift in Sources */,
				98CE02B02A64A0660032DFCC /* BaseLevelScene.swift in Sources */,
				AB07DB682A60400000721221 /* Camera.swift in Sources */,
				AB07DB652A60394100721221 /* Ground.swift in Sources */,
				AB07DB5B2A5F934600721221 /* Math.swift in Sources */,
				AB6D31452A72D21C00D31F16 /* Test.swift in Sources */,
				E80030EB2A6DCEB1003F78A4 /* MainMenu.swift in Sources */,
				9806B5CF2A69C32B003CDE88 /* Fallen1Entity.swift in Sources */,
				E80030F72A6DE4DA003F78A4 /* ExplainScene2.swift in Sources */,
				984AEF102A64C70A00792A84 /* SpriteComponent.swift in Sources */,
				980FE3652A6871F900681175 /* NodeEntity.swift in Sources */,
				AB07DB612A602D8C00721221 /* PhysicsCategory.swift in Sources */,
			);
			runOnlyForDeploymentPostprocessing = 0;
		};
/* End PBXSourcesBuildPhase section */

/* Begin PBXVariantGroup section */
		AB07DB472A5F888600721221 /* Main.storyboard */ = {
			isa = PBXVariantGroup;
			children = (
				AB07DB482A5F888600721221 /* Base */,
			);
			name = Main.storyboard;
			sourceTree = "<group>";
		};
		AB07DB4C2A5F888800721221 /* LaunchScreen.storyboard */ = {
			isa = PBXVariantGroup;
			children = (
				AB07DB4D2A5F888800721221 /* Base */,
			);
			name = LaunchScreen.storyboard;
			sourceTree = "<group>";
		};
/* End PBXVariantGroup section */

/* Begin XCBuildConfiguration section */
		AB07DB4F2A5F888800721221 /* Debug */ = {
			isa = XCBuildConfiguration;
			buildSettings = {
				ALWAYS_SEARCH_USER_PATHS = NO;
				CLANG_ANALYZER_NONNULL = YES;
				CLANG_ANALYZER_NUMBER_OBJECT_CONVERSION = YES_AGGRESSIVE;
				CLANG_CXX_LANGUAGE_STANDARD = "gnu++20";
				CLANG_ENABLE_MODULES = YES;
				CLANG_ENABLE_OBJC_ARC = YES;
				CLANG_ENABLE_OBJC_WEAK = YES;
				CLANG_WARN_BLOCK_CAPTURE_AUTORELEASING = YES;
				CLANG_WARN_BOOL_CONVERSION = YES;
				CLANG_WARN_COMMA = YES;
				CLANG_WARN_CONSTANT_CONVERSION = YES;
				CLANG_WARN_DEPRECATED_OBJC_IMPLEMENTATIONS = YES;
				CLANG_WARN_DIRECT_OBJC_ISA_USAGE = YES_ERROR;
				CLANG_WARN_DOCUMENTATION_COMMENTS = YES;
				CLANG_WARN_EMPTY_BODY = YES;
				CLANG_WARN_ENUM_CONVERSION = YES;
				CLANG_WARN_INFINITE_RECURSION = YES;
				CLANG_WARN_INT_CONVERSION = YES;
				CLANG_WARN_NON_LITERAL_NULL_CONVERSION = YES;
				CLANG_WARN_OBJC_IMPLICIT_RETAIN_SELF = YES;
				CLANG_WARN_OBJC_LITERAL_CONVERSION = YES;
				CLANG_WARN_OBJC_ROOT_CLASS = YES_ERROR;
				CLANG_WARN_QUOTED_INCLUDE_IN_FRAMEWORK_HEADER = YES;
				CLANG_WARN_RANGE_LOOP_ANALYSIS = YES;
				CLANG_WARN_STRICT_PROTOTYPES = YES;
				CLANG_WARN_SUSPICIOUS_MOVE = YES;
				CLANG_WARN_UNGUARDED_AVAILABILITY = YES_AGGRESSIVE;
				CLANG_WARN_UNREACHABLE_CODE = YES;
				CLANG_WARN__DUPLICATE_METHOD_MATCH = YES;
				COPY_PHASE_STRIP = NO;
				DEBUG_INFORMATION_FORMAT = dwarf;
				ENABLE_STRICT_OBJC_MSGSEND = YES;
				ENABLE_TESTABILITY = YES;
				GCC_C_LANGUAGE_STANDARD = gnu11;
				GCC_DYNAMIC_NO_PIC = NO;
				GCC_NO_COMMON_BLOCKS = YES;
				GCC_OPTIMIZATION_LEVEL = 0;
				GCC_PREPROCESSOR_DEFINITIONS = (
					"DEBUG=1",
					"$(inherited)",
				);
				GCC_WARN_64_TO_32_BIT_CONVERSION = YES;
				GCC_WARN_ABOUT_RETURN_TYPE = YES_ERROR;
				GCC_WARN_UNDECLARED_SELECTOR = YES;
				GCC_WARN_UNINITIALIZED_AUTOS = YES_AGGRESSIVE;
				GCC_WARN_UNUSED_FUNCTION = YES;
				GCC_WARN_UNUSED_VARIABLE = YES;
				IPHONEOS_DEPLOYMENT_TARGET = 16.4;
				MTL_ENABLE_DEBUG_INFO = INCLUDE_SOURCE;
				MTL_FAST_MATH = YES;
				ONLY_ACTIVE_ARCH = YES;
				SDKROOT = iphoneos;
				SWIFT_ACTIVE_COMPILATION_CONDITIONS = DEBUG;
				SWIFT_OPTIMIZATION_LEVEL = "-Onone";
			};
			name = Debug;
		};
		AB07DB502A5F888800721221 /* Release */ = {
			isa = XCBuildConfiguration;
			buildSettings = {
				ALWAYS_SEARCH_USER_PATHS = NO;
				CLANG_ANALYZER_NONNULL = YES;
				CLANG_ANALYZER_NUMBER_OBJECT_CONVERSION = YES_AGGRESSIVE;
				CLANG_CXX_LANGUAGE_STANDARD = "gnu++20";
				CLANG_ENABLE_MODULES = YES;
				CLANG_ENABLE_OBJC_ARC = YES;
				CLANG_ENABLE_OBJC_WEAK = YES;
				CLANG_WARN_BLOCK_CAPTURE_AUTORELEASING = YES;
				CLANG_WARN_BOOL_CONVERSION = YES;
				CLANG_WARN_COMMA = YES;
				CLANG_WARN_CONSTANT_CONVERSION = YES;
				CLANG_WARN_DEPRECATED_OBJC_IMPLEMENTATIONS = YES;
				CLANG_WARN_DIRECT_OBJC_ISA_USAGE = YES_ERROR;
				CLANG_WARN_DOCUMENTATION_COMMENTS = YES;
				CLANG_WARN_EMPTY_BODY = YES;
				CLANG_WARN_ENUM_CONVERSION = YES;
				CLANG_WARN_INFINITE_RECURSION = YES;
				CLANG_WARN_INT_CONVERSION = YES;
				CLANG_WARN_NON_LITERAL_NULL_CONVERSION = YES;
				CLANG_WARN_OBJC_IMPLICIT_RETAIN_SELF = YES;
				CLANG_WARN_OBJC_LITERAL_CONVERSION = YES;
				CLANG_WARN_OBJC_ROOT_CLASS = YES_ERROR;
				CLANG_WARN_QUOTED_INCLUDE_IN_FRAMEWORK_HEADER = YES;
				CLANG_WARN_RANGE_LOOP_ANALYSIS = YES;
				CLANG_WARN_STRICT_PROTOTYPES = YES;
				CLANG_WARN_SUSPICIOUS_MOVE = YES;
				CLANG_WARN_UNGUARDED_AVAILABILITY = YES_AGGRESSIVE;
				CLANG_WARN_UNREACHABLE_CODE = YES;
				CLANG_WARN__DUPLICATE_METHOD_MATCH = YES;
				COPY_PHASE_STRIP = NO;
				DEBUG_INFORMATION_FORMAT = "dwarf-with-dsym";
				ENABLE_NS_ASSERTIONS = NO;
				ENABLE_STRICT_OBJC_MSGSEND = YES;
				GCC_C_LANGUAGE_STANDARD = gnu11;
				GCC_NO_COMMON_BLOCKS = YES;
				GCC_WARN_64_TO_32_BIT_CONVERSION = YES;
				GCC_WARN_ABOUT_RETURN_TYPE = YES_ERROR;
				GCC_WARN_UNDECLARED_SELECTOR = YES;
				GCC_WARN_UNINITIALIZED_AUTOS = YES_AGGRESSIVE;
				GCC_WARN_UNUSED_FUNCTION = YES;
				GCC_WARN_UNUSED_VARIABLE = YES;
				IPHONEOS_DEPLOYMENT_TARGET = 16.4;
				MTL_ENABLE_DEBUG_INFO = NO;
				MTL_FAST_MATH = YES;
				SDKROOT = iphoneos;
				SWIFT_COMPILATION_MODE = wholemodule;
				SWIFT_OPTIMIZATION_LEVEL = "-O";
				VALIDATE_PRODUCT = YES;
			};
			name = Release;
		};
		AB07DB522A5F888800721221 /* Debug */ = {
			isa = XCBuildConfiguration;
			buildSettings = {
				ASSETCATALOG_COMPILER_APPICON_NAME = AppIcon;
				ASSETCATALOG_COMPILER_GLOBAL_ACCENT_COLOR_NAME = AccentColor;
				CODE_SIGN_IDENTITY = "Apple Development";
				CODE_SIGN_STYLE = Automatic;
				CURRENT_PROJECT_VERSION = 1;
				DEVELOPMENT_TEAM = PCTRQS8Z4G;
				GENERATE_INFOPLIST_FILE = YES;
				INFOPLIST_KEY_UIApplicationSupportsIndirectInputEvents = YES;
				INFOPLIST_KEY_UILaunchStoryboardName = LaunchScreen;
				INFOPLIST_KEY_UIMainStoryboardFile = Main;
				INFOPLIST_KEY_UIRequiresFullScreen = YES;
				INFOPLIST_KEY_UIStatusBarHidden = YES;
				INFOPLIST_KEY_UISupportedInterfaceOrientations = "UIInterfaceOrientationLandscapeLeft UIInterfaceOrientationLandscapeRight";
				IPHONEOS_DEPLOYMENT_TARGET = 16.0;
				LD_RUNPATH_SEARCH_PATHS = (
					"$(inherited)",
					"@executable_path/Frameworks",
				);
				MARKETING_VERSION = 1.0;
				PRODUCT_BUNDLE_IDENTIFIER = "Gabriel.MiniChallenge-01";
				PRODUCT_NAME = "$(TARGET_NAME)";
				PROVISIONING_PROFILE_SPECIFIER = "";
				SWIFT_EMIT_LOC_STRINGS = YES;
				SWIFT_VERSION = 5.0;
				TARGETED_DEVICE_FAMILY = "1,2";
			};
			name = Debug;
		};
		AB07DB532A5F888800721221 /* Release */ = {
			isa = XCBuildConfiguration;
			buildSettings = {
				ASSETCATALOG_COMPILER_APPICON_NAME = AppIcon;
				ASSETCATALOG_COMPILER_GLOBAL_ACCENT_COLOR_NAME = AccentColor;
				CODE_SIGN_IDENTITY = "Apple Development";
				CODE_SIGN_STYLE = Automatic;
				CURRENT_PROJECT_VERSION = 1;
				DEVELOPMENT_TEAM = 6FXWX5Z987;
				GENERATE_INFOPLIST_FILE = YES;
				INFOPLIST_KEY_UIApplicationSupportsIndirectInputEvents = YES;
				INFOPLIST_KEY_UILaunchStoryboardName = LaunchScreen;
				INFOPLIST_KEY_UIMainStoryboardFile = Main;
				INFOPLIST_KEY_UIRequiresFullScreen = YES;
				INFOPLIST_KEY_UIStatusBarHidden = YES;
				INFOPLIST_KEY_UISupportedInterfaceOrientations = "UIInterfaceOrientationLandscapeLeft UIInterfaceOrientationLandscapeRight";
				IPHONEOS_DEPLOYMENT_TARGET = 16.0;
				LD_RUNPATH_SEARCH_PATHS = (
					"$(inherited)",
					"@executable_path/Frameworks",
				);
				MARKETING_VERSION = 1.0;
				PRODUCT_BUNDLE_IDENTIFIER = "Gabriel.MiniChallenge-01";
				PRODUCT_NAME = "$(TARGET_NAME)";
				PROVISIONING_PROFILE_SPECIFIER = "";
				SWIFT_EMIT_LOC_STRINGS = YES;
				SWIFT_VERSION = 5.0;
				TARGETED_DEVICE_FAMILY = "1,2";
			};
			name = Release;
		};
/* End XCBuildConfiguration section */

/* Begin XCConfigurationList section */
		AB07DB352A5F888600721221 /* Build configuration list for PBXProject "MiniChallenge" */ = {
			isa = XCConfigurationList;
			buildConfigurations = (
				AB07DB4F2A5F888800721221 /* Debug */,
				AB07DB502A5F888800721221 /* Release */,
			);
			defaultConfigurationIsVisible = 0;
			defaultConfigurationName = Release;
		};
		AB07DB512A5F888800721221 /* Build configuration list for PBXNativeTarget "MiniChallenge" */ = {
			isa = XCConfigurationList;
			buildConfigurations = (
				AB07DB522A5F888800721221 /* Debug */,
				AB07DB532A5F888800721221 /* Release */,
			);
			defaultConfigurationIsVisible = 0;
			defaultConfigurationName = Release;
		};
/* End XCConfigurationList section */
	};
	rootObject = AB07DB322A5F888600721221 /* Project object */;
}
